
Microsoft Visual Studio Solution File, Format Version 12.00
# Visual Studio 15
VisualStudioVersion = 15.0.28307.1259
MinimumVisualStudioVersion = 10.0.40219.1
Project("{FAE04EC0-301F-11D3-BF4B-00C04F79EFBC}") = "SchoolManagementSystem", "SchoolManagementSystem\SchoolManagementSystem.csproj", "{7F96DC63-B255-4DDF-98B2-410868DAA6AE}"
EndProject
Project("{FAE04EC0-301F-11D3-BF4B-00C04F79EFBC}") = "studentLibrary", "studentLibrary\studentLibrary.csproj", "{AD1C19FC-C87E-4E74-B62A-FB38125643C3}"
EndProject
Project("{FAE04EC0-301F-11D3-BF4B-00C04F79EFBC}") = "facultyLibrary", "facultyLibrary\facultyLibrary.csproj", "{9C544890-1DED-4DB4-A8B0-7672884C6248}"
EndProject
Global
	GlobalSection(SolutionConfigurationPlatforms) = preSolution
		Debug|Any CPU = Debug|Any CPU
		Release|Any CPU = Release|Any CPU
	EndGlobalSection
	GlobalSection(ProjectConfigurationPlatforms) = postSolution
		{7F96DC63-B255-4DDF-98B2-410868DAA6AE}.Debug|Any CPU.ActiveCfg = Debug|Any CPU
		{7F96DC63-B255-4DDF-98B2-410868DAA6AE}.Debug|Any CPU.Build.0 = Debug|Any CPU
		{7F96DC63-B255-4DDF-98B2-410868DAA6AE}.Release|Any CPU.ActiveCfg = Release|Any CPU
		{7F96DC63-B255-4DDF-98B2-410868DAA6AE}.Release|Any CPU.Build.0 = Release|Any CPU
		{AD1C19FC-C87E-4E74-B62A-FB38125643C3}.Debug|Any CPU.ActiveCfg = Debug|Any CPU
		{AD1C19FC-C87E-4E74-B62A-FB38125643C3}.Debug|Any CPU.Build.0 = Debug|Any CPU
		{AD1C19FC-C87E-4E74-B62A-FB38125643C3}.Release|Any CPU.ActiveCfg = Release|Any CPU
		{AD1C19FC-C87E-4E74-B62A-FB38125643C3}.Release|Any CPU.Build.0 = Release|Any CPU
		{9C544890-1DED-4DB4-A8B0-7672884C6248}.Debug|Any CPU.ActiveCfg = Debug|Any CPU
		{9C544890-1DED-4DB4-A8B0-7672884C6248}.Debug|Any CPU.Build.0 = Debug|Any CPU
		{9C544890-1DED-4DB4-A8B0-7672884C6248}.Release|Any CPU.ActiveCfg = Release|Any CPU
		{9C544890-1DED-4DB4-A8B0-7672884C6248}.Release|Any CPU.Build.0 = Release|Any CPU
	EndGlobalSection
	GlobalSection(SolutionProperties) = preSolution
		HideSolutionNode = FALSE
	EndGlobalSection
	GlobalSection(ExtensibilityGlobals) = postSolution
		SolutionGuid = {297AB694-2E42-4EBD-80D1-EF67986FA5AD}
	EndGlobalSection
EndGlobal
